
Microsoft Visual Studio Solution File, Format Version 12.00
# Visual Studio 15
VisualStudioVersion = 15.0.26730.16
MinimumVisualStudioVersion = 10.0.40219.1
Project("{FAE04EC0-301F-11D3-BF4B-00C04F79EFBC}") = "TagCloudApplication", "TagCloudApplication\TagCloudApplication.csproj", "{E7EE34FC-DE64-4194-A652-1272488823DD}"
EndProject
Global
	GlobalSection(SolutionConfigurationPlatforms) = preSolution
		Debug|Any CPU = Debug|Any CPU
		Release|Any CPU = Release|Any CPU
		Run|Any CPU = Run|Any CPU
	EndGlobalSection
	GlobalSection(ProjectConfigurationPlatforms) = postSolution
		{E7EE34FC-DE64-4194-A652-1272488823DD}.Debug|Any CPU.ActiveCfg = Debug|Any CPU
		{E7EE34FC-DE64-4194-A652-1272488823DD}.Debug|Any CPU.Build.0 = Debug|Any CPU
		{E7EE34FC-DE64-4194-A652-1272488823DD}.Release|Any CPU.ActiveCfg = Release|Any CPU
		{E7EE34FC-DE64-4194-A652-1272488823DD}.Release|Any CPU.Build.0 = Release|Any CPU
		{E7EE34FC-DE64-4194-A652-1272488823DD}.Run|Any CPU.ActiveCfg = Release|Any CPU
		{E7EE34FC-DE64-4194-A652-1272488823DD}.Run|Any CPU.Build.0 = Release|Any CPU
	EndGlobalSection
	GlobalSection(SolutionProperties) = preSolution
		HideSolutionNode = FALSE
	EndGlobalSection
	GlobalSection(ExtensibilityGlobals) = postSolution
		SolutionGuid = {F0762836-4029-488D-B20F-3D15AFB7FACD}
	EndGlobalSection
EndGlobal
