
Microsoft Visual Studio Solution File, Format Version 12.00
# Visual Studio 15
VisualStudioVersion = 15.0.26730.16
MinimumVisualStudioVersion = 10.0.40219.1
Project("{FAE04EC0-301F-11D3-BF4B-00C04F79EFBC}") = "TagCloud", "TagCloud\TagCloud.csproj", "{D86ADDEE-E703-42D1-A819-CB51005FB4F2}"
EndProject
Global
	GlobalSection(SolutionConfigurationPlatforms) = preSolution
		Debug|Any CPU = Debug|Any CPU
		Release|Any CPU = Release|Any CPU
	EndGlobalSection
	GlobalSection(ProjectConfigurationPlatforms) = postSolution
		{D86ADDEE-E703-42D1-A819-CB51005FB4F2}.Debug|Any CPU.ActiveCfg = Debug|Any CPU
		{D86ADDEE-E703-42D1-A819-CB51005FB4F2}.Debug|Any CPU.Build.0 = Debug|Any CPU
		{D86ADDEE-E703-42D1-A819-CB51005FB4F2}.Release|Any CPU.ActiveCfg = Release|Any CPU
		{D86ADDEE-E703-42D1-A819-CB51005FB4F2}.Release|Any CPU.Build.0 = Release|Any CPU
	EndGlobalSection
	GlobalSection(SolutionProperties) = preSolution
		HideSolutionNode = FALSE
	EndGlobalSection
	GlobalSection(ExtensibilityGlobals) = postSolution
		SolutionGuid = {F0762836-4029-488D-B20F-3D15AFB7FACD}
	EndGlobalSection
EndGlobal
